// !$*UTF8*$!
{
	archiveVersion = 1;
	classes = {
	};
	objectVersion = 50;
	objects = {

/* Begin PBXBuildFile section */
		42115E86230E9DDF00C8C85E /* friendsImagesViewCell.swift in Sources */ = {isa = PBXBuildFile; fileRef = 42115E85230E9DDF00C8C85E /* friendsImagesViewCell.swift */; };
		4242B84E230D98450008ECE6 /* Assets.xcassets in Resources */ = {isa = PBXBuildFile; fileRef = 4242B84D230D98450008ECE6 /* Assets.xcassets */; };
		4242B850230E6C2E0008ECE6 /* friendsTVC.swift in Sources */ = {isa = PBXBuildFile; fileRef = 4242B84F230E6C2E0008ECE6 /* friendsTVC.swift */; };
		4242B85A230E6E8E0008ECE6 /* User.swift in Sources */ = {isa = PBXBuildFile; fileRef = 4242B859230E6E8E0008ECE6 /* User.swift */; };
		4242B85C230E6E970008ECE6 /* Group.swift in Sources */ = {isa = PBXBuildFile; fileRef = 4242B85B230E6E970008ECE6 /* Group.swift */; };
		4242B85E230E77C40008ECE6 /* groupsTVC.swift in Sources */ = {isa = PBXBuildFile; fileRef = 4242B85D230E77C40008ECE6 /* groupsTVC.swift */; };
		4242B860230E7D010008ECE6 /* friendsImagesCVC.swift in Sources */ = {isa = PBXBuildFile; fileRef = 4242B85F230E7D010008ECE6 /* friendsImagesCVC.swift */; };
		42E4AE64230D77F600FA9CE9 /* LoginScreen.storyboard in Resources */ = {isa = PBXBuildFile; fileRef = 42E4AE63230D77F600FA9CE9 /* LoginScreen.storyboard */; };
		42E4AE66230D781300FA9CE9 /* LoginScreenVC.swift in Sources */ = {isa = PBXBuildFile; fileRef = 42E4AE65230D781300FA9CE9 /* LoginScreenVC.swift */; };
		42EF8D46230BDDFF00F1ADD2 /* AppDelegate.swift in Sources */ = {isa = PBXBuildFile; fileRef = 42EF8D45230BDDFF00F1ADD2 /* AppDelegate.swift */; };
		42EF8D48230BDDFF00F1ADD2 /* MainVC.swift in Sources */ = {isa = PBXBuildFile; fileRef = 42EF8D47230BDDFF00F1ADD2 /* MainVC.swift */; };
		42EF8D4B230BDDFF00F1ADD2 /* Main.storyboard in Resources */ = {isa = PBXBuildFile; fileRef = 42EF8D49230BDDFF00F1ADD2 /* Main.storyboard */; };
		42EF8D50230BDE0000F1ADD2 /* LaunchScreen.storyboard in Resources */ = {isa = PBXBuildFile; fileRef = 42EF8D4E230BDE0000F1ADD2 /* LaunchScreen.storyboard */; };
		42EF8D5B230BDE0100F1ADD2 /* Vk_KonTests.swift in Sources */ = {isa = PBXBuildFile; fileRef = 42EF8D5A230BDE0100F1ADD2 /* Vk_KonTests.swift */; };
		42EF8D66230BDE0100F1ADD2 /* Vk_KonUITests.swift in Sources */ = {isa = PBXBuildFile; fileRef = 42EF8D65230BDE0100F1ADD2 /* Vk_KonUITests.swift */; };
/* End PBXBuildFile section */

/* Begin PBXContainerItemProxy section */
		42EF8D57230BDE0100F1ADD2 /* PBXContainerItemProxy */ = {
			isa = PBXContainerItemProxy;
			containerPortal = 42EF8D3A230BDDFF00F1ADD2 /* Project object */;
			proxyType = 1;
			remoteGlobalIDString = 42EF8D41230BDDFF00F1ADD2;
			remoteInfo = Vk_Kon;
		};
		42EF8D62230BDE0100F1ADD2 /* PBXContainerItemProxy */ = {
			isa = PBXContainerItemProxy;
			containerPortal = 42EF8D3A230BDDFF00F1ADD2 /* Project object */;
			proxyType = 1;
			remoteGlobalIDString = 42EF8D41230BDDFF00F1ADD2;
			remoteInfo = Vk_Kon;
		};
/* End PBXContainerItemProxy section */

/* Begin PBXFileReference section */
		42115E85230E9DDF00C8C85E /* friendsImagesViewCell.swift */ = {isa = PBXFileReference; fileEncoding = 4; lastKnownFileType = sourcecode.swift; path = friendsImagesViewCell.swift; sourceTree = "<group>"; };
		4242B84D230D98450008ECE6 /* Assets.xcassets */ = {isa = PBXFileReference; lastKnownFileType = folder.assetcatalog; path = Assets.xcassets; sourceTree = "<group>"; };
		4242B84F230E6C2E0008ECE6 /* friendsTVC.swift */ = {isa = PBXFileReference; lastKnownFileType = sourcecode.swift; path = friendsTVC.swift; sourceTree = "<group>"; };
		4242B859230E6E8E0008ECE6 /* User.swift */ = {isa = PBXFileReference; lastKnownFileType = sourcecode.swift; path = User.swift; sourceTree = "<group>"; };
		4242B85B230E6E970008ECE6 /* Group.swift */ = {isa = PBXFileReference; lastKnownFileType = sourcecode.swift; path = Group.swift; sourceTree = "<group>"; };
		4242B85D230E77C40008ECE6 /* groupsTVC.swift */ = {isa = PBXFileReference; lastKnownFileType = sourcecode.swift; path = groupsTVC.swift; sourceTree = "<group>"; };
		4242B85F230E7D010008ECE6 /* friendsImagesCVC.swift */ = {isa = PBXFileReference; lastKnownFileType = sourcecode.swift; path = friendsImagesCVC.swift; sourceTree = "<group>"; };
		42E4AE63230D77F600FA9CE9 /* LoginScreen.storyboard */ = {isa = PBXFileReference; lastKnownFileType = file.storyboard; path = LoginScreen.storyboard; sourceTree = "<group>"; };
		42E4AE65230D781300FA9CE9 /* LoginScreenVC.swift */ = {isa = PBXFileReference; lastKnownFileType = sourcecode.swift; path = LoginScreenVC.swift; sourceTree = "<group>"; };
		42EF8D42230BDDFF00F1ADD2 /* Vk_Kon.app */ = {isa = PBXFileReference; explicitFileType = wrapper.application; includeInIndex = 0; path = Vk_Kon.app; sourceTree = BUILT_PRODUCTS_DIR; };
		42EF8D45230BDDFF00F1ADD2 /* AppDelegate.swift */ = {isa = PBXFileReference; lastKnownFileType = sourcecode.swift; path = AppDelegate.swift; sourceTree = "<group>"; };
		42EF8D47230BDDFF00F1ADD2 /* MainVC.swift */ = {isa = PBXFileReference; lastKnownFileType = sourcecode.swift; path = MainVC.swift; sourceTree = "<group>"; };
		42EF8D4A230BDDFF00F1ADD2 /* Base */ = {isa = PBXFileReference; lastKnownFileType = file.storyboard; name = Base; path = Base.lproj/Main.storyboard; sourceTree = "<group>"; };
		42EF8D4F230BDE0000F1ADD2 /* Base */ = {isa = PBXFileReference; lastKnownFileType = file.storyboard; name = Base; path = Base.lproj/LaunchScreen.storyboard; sourceTree = "<group>"; };
		42EF8D51230BDE0000F1ADD2 /* Info.plist */ = {isa = PBXFileReference; lastKnownFileType = text.plist.xml; path = Info.plist; sourceTree = "<group>"; };
		42EF8D56230BDE0100F1ADD2 /* Vk_KonTests.xctest */ = {isa = PBXFileReference; explicitFileType = wrapper.cfbundle; includeInIndex = 0; path = Vk_KonTests.xctest; sourceTree = BUILT_PRODUCTS_DIR; };
		42EF8D5A230BDE0100F1ADD2 /* Vk_KonTests.swift */ = {isa = PBXFileReference; lastKnownFileType = sourcecode.swift; path = Vk_KonTests.swift; sourceTree = "<group>"; };
		42EF8D5C230BDE0100F1ADD2 /* Info.plist */ = {isa = PBXFileReference; lastKnownFileType = text.plist.xml; path = Info.plist; sourceTree = "<group>"; };
		42EF8D61230BDE0100F1ADD2 /* Vk_KonUITests.xctest */ = {isa = PBXFileReference; explicitFileType = wrapper.cfbundle; includeInIndex = 0; path = Vk_KonUITests.xctest; sourceTree = BUILT_PRODUCTS_DIR; };
		42EF8D65230BDE0100F1ADD2 /* Vk_KonUITests.swift */ = {isa = PBXFileReference; lastKnownFileType = sourcecode.swift; path = Vk_KonUITests.swift; sourceTree = "<group>"; };
		42EF8D67230BDE0100F1ADD2 /* Info.plist */ = {isa = PBXFileReference; lastKnownFileType = text.plist.xml; path = Info.plist; sourceTree = "<group>"; };
/* End PBXFileReference section */

/* Begin PBXFrameworksBuildPhase section */
		42EF8D3F230BDDFF00F1ADD2 /* Frameworks */ = {
			isa = PBXFrameworksBuildPhase;
			buildActionMask = 2147483647;
			files = (
			);
			runOnlyForDeploymentPostprocessing = 0;
		};
		42EF8D53230BDE0100F1ADD2 /* Frameworks */ = {
			isa = PBXFrameworksBuildPhase;
			buildActionMask = 2147483647;
			files = (
			);
			runOnlyForDeploymentPostprocessing = 0;
		};
		42EF8D5E230BDE0100F1ADD2 /* Frameworks */ = {
			isa = PBXFrameworksBuildPhase;
			buildActionMask = 2147483647;
			files = (
			);
			runOnlyForDeploymentPostprocessing = 0;
		};
/* End PBXFrameworksBuildPhase section */

/* Begin PBXGroup section */
		4242B851230E6CD10008ECE6 /* Main */ = {
			isa = PBXGroup;
			children = (
				42115E85230E9DDF00C8C85E /* friendsImagesViewCell.swift */,
				42EF8D49230BDDFF00F1ADD2 /* Main.storyboard */,
				4242B84F230E6C2E0008ECE6 /* friendsTVC.swift */,
				42EF8D47230BDDFF00F1ADD2 /* MainVC.swift */,
				4242B85D230E77C40008ECE6 /* groupsTVC.swift */,
				4242B85F230E7D010008ECE6 /* friendsImagesCVC.swift */,
			);
			path = Main;
			sourceTree = "<group>";
		};
		4242B858230E6E7C0008ECE6 /* Models */ = {
			isa = PBXGroup;
			children = (
				4242B859230E6E8E0008ECE6 /* User.swift */,
				4242B85B230E6E970008ECE6 /* Group.swift */,
			);
			path = Models;
			sourceTree = "<group>";
		};
		42E4AE62230D77E400FA9CE9 /* Login Screen */ = {
			isa = PBXGroup;
			children = (
				42E4AE63230D77F600FA9CE9 /* LoginScreen.storyboard */,
				42E4AE65230D781300FA9CE9 /* LoginScreenVC.swift */,
			);
			path = "Login Screen";
			sourceTree = "<group>";
		};
		42EF8D39230BDDFF00F1ADD2 = {
			isa = PBXGroup;
			children = (
				42EF8D44230BDDFF00F1ADD2 /* Vk_Kon */,
				42EF8D59230BDE0100F1ADD2 /* Vk_KonTests */,
				42EF8D64230BDE0100F1ADD2 /* Vk_KonUITests */,
				42EF8D43230BDDFF00F1ADD2 /* Products */,
			);
			sourceTree = "<group>";
		};
		42EF8D43230BDDFF00F1ADD2 /* Products */ = {
			isa = PBXGroup;
			children = (
				42EF8D42230BDDFF00F1ADD2 /* Vk_Kon.app */,
				42EF8D56230BDE0100F1ADD2 /* Vk_KonTests.xctest */,
				42EF8D61230BDE0100F1ADD2 /* Vk_KonUITests.xctest */,
			);
			name = Products;
			sourceTree = "<group>";
		};
		42EF8D44230BDDFF00F1ADD2 /* Vk_Kon */ = {
			isa = PBXGroup;
			children = (
				4242B858230E6E7C0008ECE6 /* Models */,
				4242B851230E6CD10008ECE6 /* Main */,
				4242B84D230D98450008ECE6 /* Assets.xcassets */,
				42E4AE62230D77E400FA9CE9 /* Login Screen */,
				42EF8D45230BDDFF00F1ADD2 /* AppDelegate.swift */,
				42EF8D4E230BDE0000F1ADD2 /* LaunchScreen.storyboard */,
				42EF8D51230BDE0000F1ADD2 /* Info.plist */,
			);
			path = Vk_Kon;
			sourceTree = "<group>";
		};
		42EF8D59230BDE0100F1ADD2 /* Vk_KonTests */ = {
			isa = PBXGroup;
			children = (
				42EF8D5A230BDE0100F1ADD2 /* Vk_KonTests.swift */,
				42EF8D5C230BDE0100F1ADD2 /* Info.plist */,
			);
			path = Vk_KonTests;
			sourceTree = "<group>";
		};
		42EF8D64230BDE0100F1ADD2 /* Vk_KonUITests */ = {
			isa = PBXGroup;
			children = (
				42EF8D65230BDE0100F1ADD2 /* Vk_KonUITests.swift */,
				42EF8D67230BDE0100F1ADD2 /* Info.plist */,
			);
			path = Vk_KonUITests;
			sourceTree = "<group>";
		};
/* End PBXGroup section */

/* Begin PBXNativeTarget section */
		42EF8D41230BDDFF00F1ADD2 /* Vk_Kon */ = {
			isa = PBXNativeTarget;
			buildConfigurationList = 42EF8D6A230BDE0100F1ADD2 /* Build configuration list for PBXNativeTarget "Vk_Kon" */;
			buildPhases = (
				42EF8D3E230BDDFF00F1ADD2 /* Sources */,
				42EF8D3F230BDDFF00F1ADD2 /* Frameworks */,
				42EF8D40230BDDFF00F1ADD2 /* Resources */,
			);
			buildRules = (
			);
			dependencies = (
			);
			name = Vk_Kon;
			productName = Vk_Kon;
			productReference = 42EF8D42230BDDFF00F1ADD2 /* Vk_Kon.app */;
			productType = "com.apple.product-type.application";
		};
		42EF8D55230BDE0100F1ADD2 /* Vk_KonTests */ = {
			isa = PBXNativeTarget;
			buildConfigurationList = 42EF8D6D230BDE0100F1ADD2 /* Build configuration list for PBXNativeTarget "Vk_KonTests" */;
			buildPhases = (
				42EF8D52230BDE0100F1ADD2 /* Sources */,
				42EF8D53230BDE0100F1ADD2 /* Frameworks */,
				42EF8D54230BDE0100F1ADD2 /* Resources */,
			);
			buildRules = (
			);
			dependencies = (
				42EF8D58230BDE0100F1ADD2 /* PBXTargetDependency */,
			);
			name = Vk_KonTests;
			productName = Vk_KonTests;
			productReference = 42EF8D56230BDE0100F1ADD2 /* Vk_KonTests.xctest */;
			productType = "com.apple.product-type.bundle.unit-test";
		};
		42EF8D60230BDE0100F1ADD2 /* Vk_KonUITests */ = {
			isa = PBXNativeTarget;
			buildConfigurationList = 42EF8D70230BDE0100F1ADD2 /* Build configuration list for PBXNativeTarget "Vk_KonUITests" */;
			buildPhases = (
				42EF8D5D230BDE0100F1ADD2 /* Sources */,
				42EF8D5E230BDE0100F1ADD2 /* Frameworks */,
				42EF8D5F230BDE0100F1ADD2 /* Resources */,
			);
			buildRules = (
			);
			dependencies = (
				42EF8D63230BDE0100F1ADD2 /* PBXTargetDependency */,
			);
			name = Vk_KonUITests;
			productName = Vk_KonUITests;
			productReference = 42EF8D61230BDE0100F1ADD2 /* Vk_KonUITests.xctest */;
			productType = "com.apple.product-type.bundle.ui-testing";
		};
/* End PBXNativeTarget section */

/* Begin PBXProject section */
		42EF8D3A230BDDFF00F1ADD2 /* Project object */ = {
			isa = PBXProject;
			attributes = {
				LastSwiftUpdateCheck = 1030;
				LastUpgradeCheck = 1030;
				ORGANIZATIONNAME = "Timofey Koloshenko";
				TargetAttributes = {
					42EF8D41230BDDFF00F1ADD2 = {
						CreatedOnToolsVersion = 10.3;
					};
					42EF8D55230BDE0100F1ADD2 = {
						CreatedOnToolsVersion = 10.3;
						TestTargetID = 42EF8D41230BDDFF00F1ADD2;
					};
					42EF8D60230BDE0100F1ADD2 = {
						CreatedOnToolsVersion = 10.3;
						TestTargetID = 42EF8D41230BDDFF00F1ADD2;
					};
				};
			};
			buildConfigurationList = 42EF8D3D230BDDFF00F1ADD2 /* Build configuration list for PBXProject "Vk_Kon" */;
			compatibilityVersion = "Xcode 9.3";
			developmentRegion = en;
			hasScannedForEncodings = 0;
			knownRegions = (
				en,
				Base,
			);
			mainGroup = 42EF8D39230BDDFF00F1ADD2;
			productRefGroup = 42EF8D43230BDDFF00F1ADD2 /* Products */;
			projectDirPath = "";
			projectRoot = "";
			targets = (
				42EF8D41230BDDFF00F1ADD2 /* Vk_Kon */,
				42EF8D55230BDE0100F1ADD2 /* Vk_KonTests */,
				42EF8D60230BDE0100F1ADD2 /* Vk_KonUITests */,
			);
		};
/* End PBXProject section */

/* Begin PBXResourcesBuildPhase section */
		42EF8D40230BDDFF00F1ADD2 /* Resources */ = {
			isa = PBXResourcesBuildPhase;
			buildActionMask = 2147483647;
			files = (
				42EF8D50230BDE0000F1ADD2 /* LaunchScreen.storyboard in Resources */,
				42E4AE64230D77F600FA9CE9 /* LoginScreen.storyboard in Resources */,
				4242B84E230D98450008ECE6 /* Assets.xcassets in Resources */,
				42EF8D4B230BDDFF00F1ADD2 /* Main.storyboard in Resources */,
			);
			runOnlyForDeploymentPostprocessing = 0;
		};
		42EF8D54230BDE0100F1ADD2 /* Resources */ = {
			isa = PBXResourcesBuildPhase;
			buildActionMask = 2147483647;
			files = (
			);
			runOnlyForDeploymentPostprocessing = 0;
		};
		42EF8D5F230BDE0100F1ADD2 /* Resources */ = {
			isa = PBXResourcesBuildPhase;
			buildActionMask = 2147483647;
			files = (
			);
			runOnlyForDeploymentPostprocessing = 0;
		};
/* End PBXResourcesBuildPhase section */

/* Begin PBXSourcesBuildPhase section */
		42EF8D3E230BDDFF00F1ADD2 /* Sources */ = {
			isa = PBXSourcesBuildPhase;
			buildActionMask = 2147483647;
			files = (
				42E4AE66230D781300FA9CE9 /* LoginScreenVC.swift in Sources */,
				42EF8D48230BDDFF00F1ADD2 /* MainVC.swift in Sources */,
				42EF8D46230BDDFF00F1ADD2 /* AppDelegate.swift in Sources */,
				4242B85C230E6E970008ECE6 /* Group.swift in Sources */,
				4242B85E230E77C40008ECE6 /* groupsTVC.swift in Sources */,
				4242B85A230E6E8E0008ECE6 /* User.swift in Sources */,
				4242B860230E7D010008ECE6 /* friendsImagesCVC.swift in Sources */,
				42115E86230E9DDF00C8C85E /* friendsImagesViewCell.swift in Sources */,
				4242B850230E6C2E0008ECE6 /* friendsTVC.swift in Sources */,
			);
			runOnlyForDeploymentPostprocessing = 0;
		};
		42EF8D52230BDE0100F1ADD2 /* Sources */ = {
			isa = PBXSourcesBuildPhase;
			buildActionMask = 2147483647;
			files = (
				42EF8D5B230BDE0100F1ADD2 /* Vk_KonTests.swift in Sources */,
			);
			runOnlyForDeploymentPostprocessing = 0;
		};
		42EF8D5D230BDE0100F1ADD2 /* Sources */ = {
			isa = PBXSourcesBuildPhase;
			buildActionMask = 2147483647;
			files = (
				42EF8D66230BDE0100F1ADD2 /* Vk_KonUITests.swift in Sources */,
			);
			runOnlyForDeploymentPostprocessing = 0;
		};
/* End PBXSourcesBuildPhase section */

/* Begin PBXTargetDependency section */
		42EF8D58230BDE0100F1ADD2 /* PBXTargetDependency */ = {
			isa = PBXTargetDependency;
			target = 42EF8D41230BDDFF00F1ADD2 /* Vk_Kon */;
			targetProxy = 42EF8D57230BDE0100F1ADD2 /* PBXContainerItemProxy */;
		};
		42EF8D63230BDE0100F1ADD2 /* PBXTargetDependency */ = {
			isa = PBXTargetDependency;
			target = 42EF8D41230BDDFF00F1ADD2 /* Vk_Kon */;
			targetProxy = 42EF8D62230BDE0100F1ADD2 /* PBXContainerItemProxy */;
		};
/* End PBXTargetDependency section */

/* Begin PBXVariantGroup section */
		42EF8D49230BDDFF00F1ADD2 /* Main.storyboard */ = {
			isa = PBXVariantGroup;
			children = (
				42EF8D4A230BDDFF00F1ADD2 /* Base */,
			);
			name = Main.storyboard;
			sourceTree = "<group>";
		};
		42EF8D4E230BDE0000F1ADD2 /* LaunchScreen.storyboard */ = {
			isa = PBXVariantGroup;
			children = (
				42EF8D4F230BDE0000F1ADD2 /* Base */,
			);
			name = LaunchScreen.storyboard;
			sourceTree = "<group>";
		};
/* End PBXVariantGroup section */

/* Begin XCBuildConfiguration section */
		42EF8D68230BDE0100F1ADD2 /* Debug */ = {
			isa = XCBuildConfiguration;
			buildSettings = {
				ALWAYS_SEARCH_USER_PATHS = NO;
				CLANG_ANALYZER_NONNULL = YES;
				CLANG_ANALYZER_NUMBER_OBJECT_CONVERSION = YES_AGGRESSIVE;
				CLANG_CXX_LANGUAGE_STANDARD = "gnu++14";
				CLANG_CXX_LIBRARY = "libc++";
				CLANG_ENABLE_MODULES = YES;
				CLANG_ENABLE_OBJC_ARC = YES;
				CLANG_ENABLE_OBJC_WEAK = YES;
				CLANG_WARN_BLOCK_CAPTURE_AUTORELEASING = YES;
				CLANG_WARN_BOOL_CONVERSION = YES;
				CLANG_WARN_COMMA = YES;
				CLANG_WARN_CONSTANT_CONVERSION = YES;
				CLANG_WARN_DEPRECATED_OBJC_IMPLEMENTATIONS = YES;
				CLANG_WARN_DIRECT_OBJC_ISA_USAGE = YES_ERROR;
				CLANG_WARN_DOCUMENTATION_COMMENTS = YES;
				CLANG_WARN_EMPTY_BODY = YES;
				CLANG_WARN_ENUM_CONVERSION = YES;
				CLANG_WARN_INFINITE_RECURSION = YES;
				CLANG_WARN_INT_CONVERSION = YES;
				CLANG_WARN_NON_LITERAL_NULL_CONVERSION = YES;
				CLANG_WARN_OBJC_IMPLICIT_RETAIN_SELF = YES;
				CLANG_WARN_OBJC_LITERAL_CONVERSION = YES;
				CLANG_WARN_OBJC_ROOT_CLASS = YES_ERROR;
				CLANG_WARN_RANGE_LOOP_ANALYSIS = YES;
				CLANG_WARN_STRICT_PROTOTYPES = YES;
				CLANG_WARN_SUSPICIOUS_MOVE = YES;
				CLANG_WARN_UNGUARDED_AVAILABILITY = YES_AGGRESSIVE;
				CLANG_WARN_UNREACHABLE_CODE = YES;
				CLANG_WARN__DUPLICATE_METHOD_MATCH = YES;
				CODE_SIGN_IDENTITY = "iPhone Developer";
				COPY_PHASE_STRIP = NO;
				DEBUG_INFORMATION_FORMAT = dwarf;
				ENABLE_STRICT_OBJC_MSGSEND = YES;
				ENABLE_TESTABILITY = YES;
				GCC_C_LANGUAGE_STANDARD = gnu11;
				GCC_DYNAMIC_NO_PIC = NO;
				GCC_NO_COMMON_BLOCKS = YES;
				GCC_OPTIMIZATION_LEVEL = 0;
				GCC_PREPROCESSOR_DEFINITIONS = (
					"DEBUG=1",
					"$(inherited)",
				);
				GCC_WARN_64_TO_32_BIT_CONVERSION = YES;
				GCC_WARN_ABOUT_RETURN_TYPE = YES_ERROR;
				GCC_WARN_UNDECLARED_SELECTOR = YES;
				GCC_WARN_UNINITIALIZED_AUTOS = YES_AGGRESSIVE;
				GCC_WARN_UNUSED_FUNCTION = YES;
				GCC_WARN_UNUSED_VARIABLE = YES;
				IPHONEOS_DEPLOYMENT_TARGET = 12.4;
				MTL_ENABLE_DEBUG_INFO = INCLUDE_SOURCE;
				MTL_FAST_MATH = YES;
				ONLY_ACTIVE_ARCH = YES;
				SDKROOT = iphoneos;
				SWIFT_ACTIVE_COMPILATION_CONDITIONS = DEBUG;
				SWIFT_OPTIMIZATION_LEVEL = "-Onone";
			};
			name = Debug;
		};
		42EF8D69230BDE0100F1ADD2 /* Release */ = {
			isa = XCBuildConfiguration;
			buildSettings = {
				ALWAYS_SEARCH_USER_PATHS = NO;
				CLANG_ANALYZER_NONNULL = YES;
				CLANG_ANALYZER_NUMBER_OBJECT_CONVERSION = YES_AGGRESSIVE;
				CLANG_CXX_LANGUAGE_STANDARD = "gnu++14";
				CLANG_CXX_LIBRARY = "libc++";
				CLANG_ENABLE_MODULES = YES;
				CLANG_ENABLE_OBJC_ARC = YES;
				CLANG_ENABLE_OBJC_WEAK = YES;
				CLANG_WARN_BLOCK_CAPTURE_AUTORELEASING = YES;
				CLANG_WARN_BOOL_CONVERSION = YES;
				CLANG_WARN_COMMA = YES;
				CLANG_WARN_CONSTANT_CONVERSION = YES;
				CLANG_WARN_DEPRECATED_OBJC_IMPLEMENTATIONS = YES;
				CLANG_WARN_DIRECT_OBJC_ISA_USAGE = YES_ERROR;
				CLANG_WARN_DOCUMENTATION_COMMENTS = YES;
				CLANG_WARN_EMPTY_BODY = YES;
				CLANG_WARN_ENUM_CONVERSION = YES;
				CLANG_WARN_INFINITE_RECURSION = YES;
				CLANG_WARN_INT_CONVERSION = YES;
				CLANG_WARN_NON_LITERAL_NULL_CONVERSION = YES;
				CLANG_WARN_OBJC_IMPLICIT_RETAIN_SELF = YES;
				CLANG_WARN_OBJC_LITERAL_CONVERSION = YES;
				CLANG_WARN_OBJC_ROOT_CLASS = YES_ERROR;
				CLANG_WARN_RANGE_LOOP_ANALYSIS = YES;
				CLANG_WARN_STRICT_PROTOTYPES = YES;
				CLANG_WARN_SUSPICIOUS_MOVE = YES;
				CLANG_WARN_UNGUARDED_AVAILABILITY = YES_AGGRESSIVE;
				CLANG_WARN_UNREACHABLE_CODE = YES;
				CLANG_WARN__DUPLICATE_METHOD_MATCH = YES;
				CODE_SIGN_IDENTITY = "iPhone Developer";
				COPY_PHASE_STRIP = NO;
				DEBUG_INFORMATION_FORMAT = "dwarf-with-dsym";
				ENABLE_NS_ASSERTIONS = NO;
				ENABLE_STRICT_OBJC_MSGSEND = YES;
				GCC_C_LANGUAGE_STANDARD = gnu11;
				GCC_NO_COMMON_BLOCKS = YES;
				GCC_WARN_64_TO_32_BIT_CONVERSION = YES;
				GCC_WARN_ABOUT_RETURN_TYPE = YES_ERROR;
				GCC_WARN_UNDECLARED_SELECTOR = YES;
				GCC_WARN_UNINITIALIZED_AUTOS = YES_AGGRESSIVE;
				GCC_WARN_UNUSED_FUNCTION = YES;
				GCC_WARN_UNUSED_VARIABLE = YES;
				IPHONEOS_DEPLOYMENT_TARGET = 12.4;
				MTL_ENABLE_DEBUG_INFO = NO;
				MTL_FAST_MATH = YES;
				SDKROOT = iphoneos;
				SWIFT_COMPILATION_MODE = wholemodule;
				SWIFT_OPTIMIZATION_LEVEL = "-O";
				VALIDATE_PRODUCT = YES;
			};
			name = Release;
		};
		42EF8D6B230BDE0100F1ADD2 /* Debug */ = {
			isa = XCBuildConfiguration;
			buildSettings = {
				ASSETCATALOG_COMPILER_APPICON_NAME = AppIcon;
				CODE_SIGN_STYLE = Automatic;
				DEVELOPMENT_TEAM = NU3HV299J9;
				INFOPLIST_FILE = Vk_Kon/Info.plist;
				LD_RUNPATH_SEARCH_PATHS = (
					"$(inherited)",
					"@executable_path/Frameworks",
				);
				PRODUCT_BUNDLE_IDENTIFIER = "lunakon.Vk-Kon";
				PRODUCT_NAME = "$(TARGET_NAME)";
				SWIFT_VERSION = 5.0;
				TARGETED_DEVICE_FAMILY = "1,2";
			};
			name = Debug;
		};
		42EF8D6C230BDE0100F1ADD2 /* Release */ = {
			isa = XCBuildConfiguration;
			buildSettings = {
				ASSETCATALOG_COMPILER_APPICON_NAME = AppIcon;
				CODE_SIGN_STYLE = Automatic;
				DEVELOPMENT_TEAM = NU3HV299J9;
				INFOPLIST_FILE = Vk_Kon/Info.plist;
				LD_RUNPATH_SEARCH_PATHS = (
					"$(inherited)",
					"@executable_path/Frameworks",
				);
				PRODUCT_BUNDLE_IDENTIFIER = "lunakon.Vk-Kon";
				PRODUCT_NAME = "$(TARGET_NAME)";
				SWIFT_VERSION = 5.0;
				TARGETED_DEVICE_FAMILY = "1,2";
			};
			name = Release;
		};
		42EF8D6E230BDE0100F1ADD2 /* Debug */ = {
			isa = XCBuildConfiguration;
			buildSettings = {
				ALWAYS_EMBED_SWIFT_STANDARD_LIBRARIES = YES;
				BUNDLE_LOADER = "$(TEST_HOST)";
				CODE_SIGN_STYLE = Automatic;
				DEVELOPMENT_TEAM = NU3HV299J9;
				INFOPLIST_FILE = Vk_KonTests/Info.plist;
				LD_RUNPATH_SEARCH_PATHS = (
					"$(inherited)",
					"@executable_path/Frameworks",
					"@loader_path/Frameworks",
				);
				PRODUCT_BUNDLE_IDENTIFIER = "lunakon.Vk-KonTests";
				PRODUCT_NAME = "$(TARGET_NAME)";
				SWIFT_VERSION = 5.0;
				TARGETED_DEVICE_FAMILY = "1,2";
				TEST_HOST = "$(BUILT_PRODUCTS_DIR)/Vk_Kon.app/Vk_Kon";
			};
			name = Debug;
		};
		42EF8D6F230BDE0100F1ADD2 /* Release */ = {
			isa = XCBuildConfiguration;
			buildSettings = {
				ALWAYS_EMBED_SWIFT_STANDARD_LIBRARIES = YES;
				BUNDLE_LOADER = "$(TEST_HOST)";
				CODE_SIGN_STYLE = Automatic;
				DEVELOPMENT_TEAM = NU3HV299J9;
				INFOPLIST_FILE = Vk_KonTests/Info.plist;
				LD_RUNPATH_SEARCH_PATHS = (
					"$(inherited)",
					"@executable_path/Frameworks",
					"@loader_path/Frameworks",
				);
				PRODUCT_BUNDLE_IDENTIFIER = "lunakon.Vk-KonTests";
				PRODUCT_NAME = "$(TARGET_NAME)";
				SWIFT_VERSION = 5.0;
				TARGETED_DEVICE_FAMILY = "1,2";
				TEST_HOST = "$(BUILT_PRODUCTS_DIR)/Vk_Kon.app/Vk_Kon";
			};
			name = Release;
		};
		42EF8D71230BDE0100F1ADD2 /* Debug */ = {
			isa = XCBuildConfiguration;
			buildSettings = {
				ALWAYS_EMBED_SWIFT_STANDARD_LIBRARIES = YES;
				CODE_SIGN_STYLE = Automatic;
				DEVELOPMENT_TEAM = NU3HV299J9;
				INFOPLIST_FILE = Vk_KonUITests/Info.plist;
				LD_RUNPATH_SEARCH_PATHS = (
					"$(inherited)",
					"@executable_path/Frameworks",
					"@loader_path/Frameworks",
				);
				PRODUCT_BUNDLE_IDENTIFIER = "lunakon.Vk-KonUITests";
				PRODUCT_NAME = "$(TARGET_NAME)";
				SWIFT_VERSION = 5.0;
				TARGETED_DEVICE_FAMILY = "1,2";
				TEST_TARGET_NAME = Vk_Kon;
			};
			name = Debug;
		};
		42EF8D72230BDE0100F1ADD2 /* Release */ = {
			isa = XCBuildConfiguration;
			buildSettings = {
				ALWAYS_EMBED_SWIFT_STANDARD_LIBRARIES = YES;
				CODE_SIGN_STYLE = Automatic;
				DEVELOPMENT_TEAM = NU3HV299J9;
				INFOPLIST_FILE = Vk_KonUITests/Info.plist;
				LD_RUNPATH_SEARCH_PATHS = (
					"$(inherited)",
					"@executable_path/Frameworks",
					"@loader_path/Frameworks",
				);
				PRODUCT_BUNDLE_IDENTIFIER = "lunakon.Vk-KonUITests";
				PRODUCT_NAME = "$(TARGET_NAME)";
				SWIFT_VERSION = 5.0;
				TARGETED_DEVICE_FAMILY = "1,2";
				TEST_TARGET_NAME = Vk_Kon;
			};
			name = Release;
		};
/* End XCBuildConfiguration section */

/* Begin XCConfigurationList section */
		42EF8D3D230BDDFF00F1ADD2 /* Build configuration list for PBXProject "Vk_Kon" */ = {
			isa = XCConfigurationList;
			buildConfigurations = (
				42EF8D68230BDE0100F1ADD2 /* Debug */,
				42EF8D69230BDE0100F1ADD2 /* Release */,
			);
			defaultConfigurationIsVisible = 0;
			defaultConfigurationName = Release;
		};
		42EF8D6A230BDE0100F1ADD2 /* Build configuration list for PBXNativeTarget "Vk_Kon" */ = {
			isa = XCConfigurationList;
			buildConfigurations = (
				42EF8D6B230BDE0100F1ADD2 /* Debug */,
				42EF8D6C230BDE0100F1ADD2 /* Release */,
			);
			defaultConfigurationIsVisible = 0;
			defaultConfigurationName = Release;
		};
		42EF8D6D230BDE0100F1ADD2 /* Build configuration list for PBXNativeTarget "Vk_KonTests" */ = {
			isa = XCConfigurationList;
			buildConfigurations = (
				42EF8D6E230BDE0100F1ADD2 /* Debug */,
				42EF8D6F230BDE0100F1ADD2 /* Release */,
			);
			defaultConfigurationIsVisible = 0;
			defaultConfigurationName = Release;
		};
		42EF8D70230BDE0100F1ADD2 /* Build configuration list for PBXNativeTarget "Vk_KonUITests" */ = {
			isa = XCConfigurationList;
			buildConfigurations = (
				42EF8D71230BDE0100F1ADD2 /* Debug */,
				42EF8D72230BDE0100F1ADD2 /* Release */,
			);
			defaultConfigurationIsVisible = 0;
			defaultConfigurationName = Release;
		};
/* End XCConfigurationList section */
	};
	rootObject = 42EF8D3A230BDDFF00F1ADD2 /* Project object */;
}
